// !$*UTF8*$!
{
	archiveVersion = 1;
	classes = {
	};
	objectVersion = 56;
	objects = {

/* Begin PBXBuildFile section */
		0AF79CB82B10050700168B6B /* BaseViewController.swift in Sources */ = {isa = PBXBuildFile; fileRef = 0AF79CB62B10050700168B6B /* BaseViewController.swift */; };
		0AF79CB92B10050700168B6B /* BaseView.swift in Sources */ = {isa = PBXBuildFile; fileRef = 0AF79CB72B10050700168B6B /* BaseView.swift */; };
		0AF8A73A2B10BC330091C29E /* UIComponents.h in Headers */ = {isa = PBXBuildFile; fileRef = 0AF8A7392B10BC330091C29E /* UIComponents.h */; };
		0AF8A73E2B10C6900091C29E /* InfoView.swift in Sources */ = {isa = PBXBuildFile; fileRef = 0AF8A73D2B10C6900091C29E /* InfoView.swift */; };
		0AF8A7402B10C7550091C29E /* UI_COMPONENTS.podspec in Resources */ = {isa = PBXBuildFile; fileRef = 0AF8A73F2B10C7550091C29E /* UI_COMPONENTS.podspec */; };
		0AF8A7432B10C7C60091C29E /* Assets.xcassets in Resources */ = {isa = PBXBuildFile; fileRef = 0AF8A7422B10C7C60091C29E /* Assets.xcassets */; };
		0AF8A7532B10C8220091C29E /* Rubik-Black.ttf in Resources */ = {isa = PBXBuildFile; fileRef = 0AF8A7452B10C8220091C29E /* Rubik-Black.ttf */; };
		0AF8A7542B10C8220091C29E /* Rubik-Bold.ttf in Resources */ = {isa = PBXBuildFile; fileRef = 0AF8A7462B10C8220091C29E /* Rubik-Bold.ttf */; };
		0AF8A7552B10C8220091C29E /* Rubik-MediumItalic.ttf in Resources */ = {isa = PBXBuildFile; fileRef = 0AF8A7472B10C8220091C29E /* Rubik-MediumItalic.ttf */; };
		0AF8A7562B10C8220091C29E /* Rubik-Medium.ttf in Resources */ = {isa = PBXBuildFile; fileRef = 0AF8A7482B10C8220091C29E /* Rubik-Medium.ttf */; };
		0AF8A7572B10C8220091C29E /* Rubik-SemiBold.ttf in Resources */ = {isa = PBXBuildFile; fileRef = 0AF8A7492B10C8220091C29E /* Rubik-SemiBold.ttf */; };
		0AF8A7582B10C8220091C29E /* Rubik-BlackItalic.ttf in Resources */ = {isa = PBXBuildFile; fileRef = 0AF8A74A2B10C8220091C29E /* Rubik-BlackItalic.ttf */; };
		0AF8A7592B10C8220091C29E /* Rubik-Italic.ttf in Resources */ = {isa = PBXBuildFile; fileRef = 0AF8A74B2B10C8220091C29E /* Rubik-Italic.ttf */; };
		0AF8A75A2B10C8220091C29E /* Rubik-SemiBoldItalic.ttf in Resources */ = {isa = PBXBuildFile; fileRef = 0AF8A74C2B10C8220091C29E /* Rubik-SemiBoldItalic.ttf */; };
		0AF8A75B2B10C8220091C29E /* Rubik-BoldItalic.ttf in Resources */ = {isa = PBXBuildFile; fileRef = 0AF8A74D2B10C8220091C29E /* Rubik-BoldItalic.ttf */; };
		0AF8A75C2B10C8220091C29E /* Rubik-ExtraBoldItalic.ttf in Resources */ = {isa = PBXBuildFile; fileRef = 0AF8A74E2B10C8220091C29E /* Rubik-ExtraBoldItalic.ttf */; };
		0AF8A75D2B10C8220091C29E /* Rubik-Regular.ttf in Resources */ = {isa = PBXBuildFile; fileRef = 0AF8A74F2B10C8220091C29E /* Rubik-Regular.ttf */; };
		0AF8A75E2B10C8220091C29E /* Rubik-ExtraBold.ttf in Resources */ = {isa = PBXBuildFile; fileRef = 0AF8A7502B10C8220091C29E /* Rubik-ExtraBold.ttf */; };
		0AF8A75F2B10C8220091C29E /* Rubik-Light.ttf in Resources */ = {isa = PBXBuildFile; fileRef = 0AF8A7512B10C8220091C29E /* Rubik-Light.ttf */; };
		0AF8A7602B10C8220091C29E /* Rubik-LightItalic.ttf in Resources */ = {isa = PBXBuildFile; fileRef = 0AF8A7522B10C8220091C29E /* Rubik-LightItalic.ttf */; };
/* End PBXBuildFile section */

/* Begin PBXFileReference section */
		0AF79CAB2B10031700168B6B /* UI_COMPONENTS.framework */ = {isa = PBXFileReference; explicitFileType = wrapper.framework; includeInIndex = 0; path = UI_COMPONENTS.framework; sourceTree = BUILT_PRODUCTS_DIR; };
		0AF79CB62B10050700168B6B /* BaseViewController.swift */ = {isa = PBXFileReference; fileEncoding = 4; lastKnownFileType = sourcecode.swift; path = BaseViewController.swift; sourceTree = "<group>"; };
		0AF79CB72B10050700168B6B /* BaseView.swift */ = {isa = PBXFileReference; fileEncoding = 4; lastKnownFileType = sourcecode.swift; path = BaseView.swift; sourceTree = "<group>"; };
		0AF8A7392B10BC330091C29E /* UIComponents.h */ = {isa = PBXFileReference; fileEncoding = 4; lastKnownFileType = sourcecode.c.h; path = UIComponents.h; sourceTree = "<group>"; };
		0AF8A73D2B10C6900091C29E /* InfoView.swift */ = {isa = PBXFileReference; lastKnownFileType = sourcecode.swift; path = InfoView.swift; sourceTree = "<group>"; };
		0AF8A73F2B10C7550091C29E /* UI_COMPONENTS.podspec */ = {isa = PBXFileReference; fileEncoding = 4; lastKnownFileType = text; path = UI_COMPONENTS.podspec; sourceTree = "<group>"; };
		0AF8A7422B10C7C60091C29E /* Assets.xcassets */ = {isa = PBXFileReference; lastKnownFileType = folder.assetcatalog; path = Assets.xcassets; sourceTree = "<group>"; };
		0AF8A7452B10C8220091C29E /* Rubik-Black.ttf */ = {isa = PBXFileReference; lastKnownFileType = file; path = "Rubik-Black.ttf"; sourceTree = "<group>"; };
		0AF8A7462B10C8220091C29E /* Rubik-Bold.ttf */ = {isa = PBXFileReference; lastKnownFileType = file; path = "Rubik-Bold.ttf"; sourceTree = "<group>"; };
		0AF8A7472B10C8220091C29E /* Rubik-MediumItalic.ttf */ = {isa = PBXFileReference; lastKnownFileType = file; path = "Rubik-MediumItalic.ttf"; sourceTree = "<group>"; };
		0AF8A7482B10C8220091C29E /* Rubik-Medium.ttf */ = {isa = PBXFileReference; lastKnownFileType = file; path = "Rubik-Medium.ttf"; sourceTree = "<group>"; };
		0AF8A7492B10C8220091C29E /* Rubik-SemiBold.ttf */ = {isa = PBXFileReference; lastKnownFileType = file; path = "Rubik-SemiBold.ttf"; sourceTree = "<group>"; };
		0AF8A74A2B10C8220091C29E /* Rubik-BlackItalic.ttf */ = {isa = PBXFileReference; lastKnownFileType = file; path = "Rubik-BlackItalic.ttf"; sourceTree = "<group>"; };
		0AF8A74B2B10C8220091C29E /* Rubik-Italic.ttf */ = {isa = PBXFileReference; lastKnownFileType = file; path = "Rubik-Italic.ttf"; sourceTree = "<group>"; };
		0AF8A74C2B10C8220091C29E /* Rubik-SemiBoldItalic.ttf */ = {isa = PBXFileReference; lastKnownFileType = file; path = "Rubik-SemiBoldItalic.ttf"; sourceTree = "<group>"; };
		0AF8A74D2B10C8220091C29E /* Rubik-BoldItalic.ttf */ = {isa = PBXFileReference; lastKnownFileType = file; path = "Rubik-BoldItalic.ttf"; sourceTree = "<group>"; };
		0AF8A74E2B10C8220091C29E /* Rubik-ExtraBoldItalic.ttf */ = {isa = PBXFileReference; lastKnownFileType = file; path = "Rubik-ExtraBoldItalic.ttf"; sourceTree = "<group>"; };
		0AF8A74F2B10C8220091C29E /* Rubik-Regular.ttf */ = {isa = PBXFileReference; lastKnownFileType = file; path = "Rubik-Regular.ttf"; sourceTree = "<group>"; };
		0AF8A7502B10C8220091C29E /* Rubik-ExtraBold.ttf */ = {isa = PBXFileReference; lastKnownFileType = file; path = "Rubik-ExtraBold.ttf"; sourceTree = "<group>"; };
		0AF8A7512B10C8220091C29E /* Rubik-Light.ttf */ = {isa = PBXFileReference; lastKnownFileType = file; path = "Rubik-Light.ttf"; sourceTree = "<group>"; };
		0AF8A7522B10C8220091C29E /* Rubik-LightItalic.ttf */ = {isa = PBXFileReference; lastKnownFileType = file; path = "Rubik-LightItalic.ttf"; sourceTree = "<group>"; };
/* End PBXFileReference section */

/* Begin PBXFrameworksBuildPhase section */
		0AF79CA82B10031700168B6B /* Frameworks */ = {
			isa = PBXFrameworksBuildPhase;
			buildActionMask = 2147483647;
			files = (
			);
			runOnlyForDeploymentPostprocessing = 0;
		};
/* End PBXFrameworksBuildPhase section */

/* Begin PBXGroup section */
		0AF79CA12B10031700168B6B = {
			isa = PBXGroup;
			children = (
				0AF8A73F2B10C7550091C29E /* UI_COMPONENTS.podspec */,
				0AF8A7412B10C7A60091C29E /* Resources */,
				0AF8A7382B10BC330091C29E /* UIComponents */,
				0AF79CB52B10050700168B6B /* Classes */,
				0AF79CAC2B10031700168B6B /* Products */,
			);
			sourceTree = "<group>";
		};
		0AF79CAC2B10031700168B6B /* Products */ = {
			isa = PBXGroup;
			children = (
				0AF79CAB2B10031700168B6B /* UI_COMPONENTS.framework */,
			);
			name = Products;
			sourceTree = "<group>";
		};
		0AF79CB52B10050700168B6B /* Classes */ = {
			isa = PBXGroup;
			children = (
				0AF8A73B2B10C6540091C29E /* Controllers */,
				0AF8A73C2B10C65D0091C29E /* Views */,
			);
			path = Classes;
			sourceTree = "<group>";
		};
		0AF8A7382B10BC330091C29E /* UIComponents */ = {
			isa = PBXGroup;
			children = (
				0AF8A7392B10BC330091C29E /* UIComponents.h */,
			);
			path = UIComponents;
			sourceTree = SOURCE_ROOT;
		};
		0AF8A73B2B10C6540091C29E /* Controllers */ = {
			isa = PBXGroup;
			children = (
				0AF79CB62B10050700168B6B /* BaseViewController.swift */,
			);
			path = Controllers;
			sourceTree = "<group>";
		};
		0AF8A73C2B10C65D0091C29E /* Views */ = {
			isa = PBXGroup;
			children = (
				0AF79CB72B10050700168B6B /* BaseView.swift */,
				0AF8A73D2B10C6900091C29E /* InfoView.swift */,
			);
			path = Views;
			sourceTree = "<group>";
		};
		0AF8A7412B10C7A60091C29E /* Resources */ = {
			isa = PBXGroup;
			children = (
				0AF8A7442B10C7E30091C29E /* RubikFonts */,
				0AF8A7422B10C7C60091C29E /* Assets.xcassets */,
			);
			path = Resources;
			sourceTree = "<group>";
		};
		0AF8A7442B10C7E30091C29E /* RubikFonts */ = {
			isa = PBXGroup;
			children = (
				0AF8A7452B10C8220091C29E /* Rubik-Black.ttf */,
				0AF8A74A2B10C8220091C29E /* Rubik-BlackItalic.ttf */,
				0AF8A7462B10C8220091C29E /* Rubik-Bold.ttf */,
				0AF8A74D2B10C8220091C29E /* Rubik-BoldItalic.ttf */,
				0AF8A7502B10C8220091C29E /* Rubik-ExtraBold.ttf */,
				0AF8A74E2B10C8220091C29E /* Rubik-ExtraBoldItalic.ttf */,
				0AF8A74B2B10C8220091C29E /* Rubik-Italic.ttf */,
				0AF8A7512B10C8220091C29E /* Rubik-Light.ttf */,
				0AF8A7522B10C8220091C29E /* Rubik-LightItalic.ttf */,
				0AF8A7482B10C8220091C29E /* Rubik-Medium.ttf */,
				0AF8A7472B10C8220091C29E /* Rubik-MediumItalic.ttf */,
				0AF8A74F2B10C8220091C29E /* Rubik-Regular.ttf */,
				0AF8A7492B10C8220091C29E /* Rubik-SemiBold.ttf */,
				0AF8A74C2B10C8220091C29E /* Rubik-SemiBoldItalic.ttf */,
			);
			path = RubikFonts;
			sourceTree = "<group>";
		};
/* End PBXGroup section */

/* Begin PBXHeadersBuildPhase section */
		0AF79CA62B10031700168B6B /* Headers */ = {
			isa = PBXHeadersBuildPhase;
			buildActionMask = 2147483647;
			files = (
				0AF8A73A2B10BC330091C29E /* UIComponents.h in Headers */,
			);
			runOnlyForDeploymentPostprocessing = 0;
		};
/* End PBXHeadersBuildPhase section */

/* Begin PBXNativeTarget section */
		0AF79CAA2B10031700168B6B /* UI_COMPONENTS */ = {
			isa = PBXNativeTarget;
			buildConfigurationList = 0AF79CB22B10031700168B6B /* Build configuration list for PBXNativeTarget "UI_COMPONENTS" */;
			buildPhases = (
				0AF79CA62B10031700168B6B /* Headers */,
				0AF79CA72B10031700168B6B /* Sources */,
				0AF79CA82B10031700168B6B /* Frameworks */,
				0AF79CA92B10031700168B6B /* Resources */,
			);
			buildRules = (
			);
			dependencies = (
			);
			name = UI_COMPONENTS;
			productName = UI_COMPONENTS;
			productReference = 0AF79CAB2B10031700168B6B /* UI_COMPONENTS.framework */;
			productType = "com.apple.product-type.framework";
		};
/* End PBXNativeTarget section */

/* Begin PBXProject section */
		0AF79CA22B10031700168B6B /* Project object */ = {
			isa = PBXProject;
			attributes = {
				BuildIndependentTargetsInParallel = 1;
				LastUpgradeCheck = 1500;
				TargetAttributes = {
					0AF79CAA2B10031700168B6B = {
						CreatedOnToolsVersion = 15.0.1;
					};
				};
			};
			buildConfigurationList = 0AF79CA52B10031700168B6B /* Build configuration list for PBXProject "UI_COMPONENTS" */;
			compatibilityVersion = "Xcode 14.0";
			developmentRegion = en;
			hasScannedForEncodings = 0;
			knownRegions = (
				en,
				Base,
			);
			mainGroup = 0AF79CA12B10031700168B6B;
			productRefGroup = 0AF79CAC2B10031700168B6B /* Products */;
			projectDirPath = "";
			projectRoot = "";
			targets = (
				0AF79CAA2B10031700168B6B /* UI_COMPONENTS */,
			);
		};
/* End PBXProject section */

/* Begin PBXResourcesBuildPhase section */
		0AF79CA92B10031700168B6B /* Resources */ = {
			isa = PBXResourcesBuildPhase;
			buildActionMask = 2147483647;
			files = (
				0AF8A7532B10C8220091C29E /* Rubik-Black.ttf in Resources */,
				0AF8A7542B10C8220091C29E /* Rubik-Bold.ttf in Resources */,
				0AF8A7552B10C8220091C29E /* Rubik-MediumItalic.ttf in Resources */,
				0AF8A7562B10C8220091C29E /* Rubik-Medium.ttf in Resources */,
				0AF8A7432B10C7C60091C29E /* Assets.xcassets in Resources */,
				0AF8A7592B10C8220091C29E /* Rubik-Italic.ttf in Resources */,
				0AF8A75C2B10C8220091C29E /* Rubik-ExtraBoldItalic.ttf in Resources */,
				0AF8A75F2B10C8220091C29E /* Rubik-Light.ttf in Resources */,
				0AF8A75B2B10C8220091C29E /* Rubik-BoldItalic.ttf in Resources */,
				0AF8A7602B10C8220091C29E /* Rubik-LightItalic.ttf in Resources */,
				0AF8A7402B10C7550091C29E /* UI_COMPONENTS.podspec in Resources */,
				0AF8A75A2B10C8220091C29E /* Rubik-SemiBoldItalic.ttf in Resources */,
				0AF8A75D2B10C8220091C29E /* Rubik-Regular.ttf in Resources */,
				0AF8A7582B10C8220091C29E /* Rubik-BlackItalic.ttf in Resources */,
				0AF8A75E2B10C8220091C29E /* Rubik-ExtraBold.ttf in Resources */,
				0AF8A7572B10C8220091C29E /* Rubik-SemiBold.ttf in Resources */,
			);
			runOnlyForDeploymentPostprocessing = 0;
		};
/* End PBXResourcesBuildPhase section */

/* Begin PBXSourcesBuildPhase section */
		0AF79CA72B10031700168B6B /* Sources */ = {
			isa = PBXSourcesBuildPhase;
			buildActionMask = 2147483647;
			files = (
				0AF79CB82B10050700168B6B /* BaseViewController.swift in Sources */,
				0AF8A73E2B10C6900091C29E /* InfoView.swift in Sources */,
				0AF79CB92B10050700168B6B /* BaseView.swift in Sources */,
			);
			runOnlyForDeploymentPostprocessing = 0;
		};
/* End PBXSourcesBuildPhase section */

/* Begin XCBuildConfiguration section */
		0AF79CB02B10031700168B6B /* Debug */ = {
			isa = XCBuildConfiguration;
			buildSettings = {
				ALWAYS_SEARCH_USER_PATHS = NO;
				ASSETCATALOG_COMPILER_GENERATE_SWIFT_ASSET_SYMBOL_EXTENSIONS = YES;
				CLANG_ANALYZER_NONNULL = YES;
				CLANG_ANALYZER_NUMBER_OBJECT_CONVERSION = YES_AGGRESSIVE;
				CLANG_CXX_LANGUAGE_STANDARD = "gnu++20";
				CLANG_ENABLE_MODULES = YES;
				CLANG_ENABLE_OBJC_ARC = YES;
				CLANG_ENABLE_OBJC_WEAK = YES;
				CLANG_WARN_BLOCK_CAPTURE_AUTORELEASING = YES;
				CLANG_WARN_BOOL_CONVERSION = YES;
				CLANG_WARN_COMMA = YES;
				CLANG_WARN_CONSTANT_CONVERSION = YES;
				CLANG_WARN_DEPRECATED_OBJC_IMPLEMENTATIONS = YES;
				CLANG_WARN_DIRECT_OBJC_ISA_USAGE = YES_ERROR;
				CLANG_WARN_DOCUMENTATION_COMMENTS = YES;
				CLANG_WARN_EMPTY_BODY = YES;
				CLANG_WARN_ENUM_CONVERSION = YES;
				CLANG_WARN_INFINITE_RECURSION = YES;
				CLANG_WARN_INT_CONVERSION = YES;
				CLANG_WARN_NON_LITERAL_NULL_CONVERSION = YES;
				CLANG_WARN_OBJC_IMPLICIT_RETAIN_SELF = YES;
				CLANG_WARN_OBJC_LITERAL_CONVERSION = YES;
				CLANG_WARN_OBJC_ROOT_CLASS = YES_ERROR;
				CLANG_WARN_QUOTED_INCLUDE_IN_FRAMEWORK_HEADER = YES;
				CLANG_WARN_RANGE_LOOP_ANALYSIS = YES;
				CLANG_WARN_STRICT_PROTOTYPES = YES;
				CLANG_WARN_SUSPICIOUS_MOVE = YES;
				CLANG_WARN_UNGUARDED_AVAILABILITY = YES_AGGRESSIVE;
				CLANG_WARN_UNREACHABLE_CODE = YES;
				CLANG_WARN__DUPLICATE_METHOD_MATCH = YES;
				COPY_PHASE_STRIP = NO;
				CURRENT_PROJECT_VERSION = 1;
				DEBUG_INFORMATION_FORMAT = dwarf;
				ENABLE_STRICT_OBJC_MSGSEND = YES;
				ENABLE_TESTABILITY = YES;
				ENABLE_USER_SCRIPT_SANDBOXING = YES;
				GCC_C_LANGUAGE_STANDARD = gnu17;
				GCC_DYNAMIC_NO_PIC = NO;
				GCC_NO_COMMON_BLOCKS = YES;
				GCC_OPTIMIZATION_LEVEL = 0;
				GCC_PREPROCESSOR_DEFINITIONS = (
					"DEBUG=1",
					"$(inherited)",
				);
				GCC_WARN_64_TO_32_BIT_CONVERSION = YES;
				GCC_WARN_ABOUT_RETURN_TYPE = YES_ERROR;
				GCC_WARN_UNDECLARED_SELECTOR = YES;
				GCC_WARN_UNINITIALIZED_AUTOS = YES_AGGRESSIVE;
				GCC_WARN_UNUSED_FUNCTION = YES;
				GCC_WARN_UNUSED_VARIABLE = YES;
				IPHONEOS_DEPLOYMENT_TARGET = 17.0;
				LOCALIZATION_PREFERS_STRING_CATALOGS = YES;
				MTL_ENABLE_DEBUG_INFO = INCLUDE_SOURCE;
				MTL_FAST_MATH = YES;
				ONLY_ACTIVE_ARCH = YES;
				SDKROOT = iphoneos;
				SWIFT_ACTIVE_COMPILATION_CONDITIONS = "DEBUG $(inherited)";
				SWIFT_OPTIMIZATION_LEVEL = "-Onone";
				VERSIONING_SYSTEM = "apple-generic";
				VERSION_INFO_PREFIX = "";
			};
			name = Debug;
		};
		0AF79CB12B10031700168B6B /* Release */ = {
			isa = XCBuildConfiguration;
			buildSettings = {
				ALWAYS_SEARCH_USER_PATHS = NO;
				ASSETCATALOG_COMPILER_GENERATE_SWIFT_ASSET_SYMBOL_EXTENSIONS = YES;
				CLANG_ANALYZER_NONNULL = YES;
				CLANG_ANALYZER_NUMBER_OBJECT_CONVERSION = YES_AGGRESSIVE;
				CLANG_CXX_LANGUAGE_STANDARD = "gnu++20";
				CLANG_ENABLE_MODULES = YES;
				CLANG_ENABLE_OBJC_ARC = YES;
				CLANG_ENABLE_OBJC_WEAK = YES;
				CLANG_WARN_BLOCK_CAPTURE_AUTORELEASING = YES;
				CLANG_WARN_BOOL_CONVERSION = YES;
				CLANG_WARN_COMMA = YES;
				CLANG_WARN_CONSTANT_CONVERSION = YES;
				CLANG_WARN_DEPRECATED_OBJC_IMPLEMENTATIONS = YES;
				CLANG_WARN_DIRECT_OBJC_ISA_USAGE = YES_ERROR;
				CLANG_WARN_DOCUMENTATION_COMMENTS = YES;
				CLANG_WARN_EMPTY_BODY = YES;
				CLANG_WARN_ENUM_CONVERSION = YES;
				CLANG_WARN_INFINITE_RECURSION = YES;
				CLANG_WARN_INT_CONVERSION = YES;
				CLANG_WARN_NON_LITERAL_NULL_CONVERSION = YES;
				CLANG_WARN_OBJC_IMPLICIT_RETAIN_SELF = YES;
				CLANG_WARN_OBJC_LITERAL_CONVERSION = YES;
				CLANG_WARN_OBJC_ROOT_CLASS = YES_ERROR;
				CLANG_WARN_QUOTED_INCLUDE_IN_FRAMEWORK_HEADER = YES;
				CLANG_WARN_RANGE_LOOP_ANALYSIS = YES;
				CLANG_WARN_STRICT_PROTOTYPES = YES;
				CLANG_WARN_SUSPICIOUS_MOVE = YES;
				CLANG_WARN_UNGUARDED_AVAILABILITY = YES_AGGRESSIVE;
				CLANG_WARN_UNREACHABLE_CODE = YES;
				CLANG_WARN__DUPLICATE_METHOD_MATCH = YES;
				COPY_PHASE_STRIP = NO;
				CURRENT_PROJECT_VERSION = 1;
				DEBUG_INFORMATION_FORMAT = "dwarf-with-dsym";
				ENABLE_NS_ASSERTIONS = NO;
				ENABLE_STRICT_OBJC_MSGSEND = YES;
				ENABLE_USER_SCRIPT_SANDBOXING = YES;
				GCC_C_LANGUAGE_STANDARD = gnu17;
				GCC_NO_COMMON_BLOCKS = YES;
				GCC_WARN_64_TO_32_BIT_CONVERSION = YES;
				GCC_WARN_ABOUT_RETURN_TYPE = YES_ERROR;
				GCC_WARN_UNDECLARED_SELECTOR = YES;
				GCC_WARN_UNINITIALIZED_AUTOS = YES_AGGRESSIVE;
				GCC_WARN_UNUSED_FUNCTION = YES;
				GCC_WARN_UNUSED_VARIABLE = YES;
				IPHONEOS_DEPLOYMENT_TARGET = 17.0;
				LOCALIZATION_PREFERS_STRING_CATALOGS = YES;
				MTL_ENABLE_DEBUG_INFO = NO;
				MTL_FAST_MATH = YES;
				SDKROOT = iphoneos;
				SWIFT_COMPILATION_MODE = wholemodule;
				VALIDATE_PRODUCT = YES;
				VERSIONING_SYSTEM = "apple-generic";
				VERSION_INFO_PREFIX = "";
			};
			name = Release;
		};
		0AF79CB32B10031700168B6B /* Debug */ = {
			isa = XCBuildConfiguration;
			buildSettings = {
				CODE_SIGN_STYLE = Automatic;
				CURRENT_PROJECT_VERSION = 1;
				DEFINES_MODULE = YES;
				DEVELOPMENT_TEAM = 653PNCT9WW;
				DYLIB_COMPATIBILITY_VERSION = 1;
				DYLIB_CURRENT_VERSION = 1;
				DYLIB_INSTALL_NAME_BASE = "@rpath";
				ENABLE_MODULE_VERIFIER = YES;
				GENERATE_INFOPLIST_FILE = YES;
				INFOPLIST_KEY_NSHumanReadableCopyright = "";
				INSTALL_PATH = "$(LOCAL_LIBRARY_DIR)/Frameworks";
				IPHONEOS_DEPLOYMENT_TARGET = 15.0;
				LD_RUNPATH_SEARCH_PATHS = (
					"$(inherited)",
					"@executable_path/Frameworks",
					"@loader_path/Frameworks",
				);
				MARKETING_VERSION = 1.0;
				MODULE_VERIFIER_SUPPORTED_LANGUAGES = "objective-c objective-c++";
				MODULE_VERIFIER_SUPPORTED_LANGUAGE_STANDARDS = "gnu17 gnu++20";
				PRODUCT_BUNDLE_IDENTIFIER = "zipozt.UI-COMPONENTS";
				PRODUCT_NAME = "$(TARGET_NAME:c99extidentifier)";
				SKIP_INSTALL = YES;
				SWIFT_EMIT_LOC_STRINGS = YES;
				SWIFT_VERSION = 5.0;
				TARGETED_DEVICE_FAMILY = "1,2";
			};
			name = Debug;
		};
		0AF79CB42B10031700168B6B /* Release */ = {
			isa = XCBuildConfiguration;
			buildSettings = {
				CODE_SIGN_STYLE = Automatic;
				CURRENT_PROJECT_VERSION = 1;
				DEFINES_MODULE = YES;
				DEVELOPMENT_TEAM = 653PNCT9WW;
				DYLIB_COMPATIBILITY_VERSION = 1;
				DYLIB_CURRENT_VERSION = 1;
				DYLIB_INSTALL_NAME_BASE = "@rpath";
				ENABLE_MODULE_VERIFIER = YES;
				GENERATE_INFOPLIST_FILE = YES;
				INFOPLIST_KEY_NSHumanReadableCopyright = "";
				INSTALL_PATH = "$(LOCAL_LIBRARY_DIR)/Frameworks";
				IPHONEOS_DEPLOYMENT_TARGET = 15.0;
				LD_RUNPATH_SEARCH_PATHS = (
					"$(inherited)",
					"@executable_path/Frameworks",
					"@loader_path/Frameworks",
				);
				MARKETING_VERSION = 1.0;
				MODULE_VERIFIER_SUPPORTED_LANGUAGES = "objective-c objective-c++";
				MODULE_VERIFIER_SUPPORTED_LANGUAGE_STANDARDS = "gnu17 gnu++20";
				PRODUCT_BUNDLE_IDENTIFIER = "zipozt.UI-COMPONENTS";
				PRODUCT_NAME = "$(TARGET_NAME:c99extidentifier)";
				SKIP_INSTALL = YES;
				SWIFT_EMIT_LOC_STRINGS = YES;
				SWIFT_VERSION = 5.0;
				TARGETED_DEVICE_FAMILY = "1,2";
			};
			name = Release;
		};
/* End XCBuildConfiguration section */

/* Begin XCConfigurationList section */
		0AF79CA52B10031700168B6B /* Build configuration list for PBXProject "UI_COMPONENTS" */ = {
			isa = XCConfigurationList;
			buildConfigurations = (
				0AF79CB02B10031700168B6B /* Debug */,
				0AF79CB12B10031700168B6B /* Release */,
			);
			defaultConfigurationIsVisible = 0;
			defaultConfigurationName = Release;
		};
		0AF79CB22B10031700168B6B /* Build configuration list for PBXNativeTarget "UI_COMPONENTS" */ = {
			isa = XCConfigurationList;
			buildConfigurations = (
				0AF79CB32B10031700168B6B /* Debug */,
				0AF79CB42B10031700168B6B /* Release */,
			);
			defaultConfigurationIsVisible = 0;
			defaultConfigurationName = Release;
		};
/* End XCConfigurationList section */
	};
	rootObject = 0AF79CA22B10031700168B6B /* Project object */;
}
